
Microsoft Visual Studio Solution File, Format Version 12.00
# Visual Studio Version 16
VisualStudioVersion = 16.0.31205.134
MinimumVisualStudioVersion = 10.0.40219.1
Project("{FAE04EC0-301F-11D3-BF4B-00C04F79EFBC}") = "AppVetPet.Infra", "..\AppVetPet.Infra\AppVetPet.Infra.csproj", "{8375AD83-1C0B-4647-AD7B-FD31FB9AFCAF}"
EndProject
Project("{FAE04EC0-301F-11D3-BF4B-00C04F79EFBC}") = "AppVetPet.AzFunc", "..\AppVetPet.AzFunc\AppVetPet.AzFunc.csproj", "{749539C1-6B03-4241-9706-02DE441BD820}"
EndProject
Global
	GlobalSection(SolutionConfigurationPlatforms) = preSolution
		Debug|Any CPU = Debug|Any CPU
		Release|Any CPU = Release|Any CPU
	EndGlobalSection
	GlobalSection(ProjectConfigurationPlatforms) = postSolution
		{8375AD83-1C0B-4647-AD7B-FD31FB9AFCAF}.Debug|Any CPU.ActiveCfg = Debug|Any CPU
		{8375AD83-1C0B-4647-AD7B-FD31FB9AFCAF}.Debug|Any CPU.Build.0 = Debug|Any CPU
		{8375AD83-1C0B-4647-AD7B-FD31FB9AFCAF}.Release|Any CPU.ActiveCfg = Release|Any CPU
		{8375AD83-1C0B-4647-AD7B-FD31FB9AFCAF}.Release|Any CPU.Build.0 = Release|Any CPU
		{749539C1-6B03-4241-9706-02DE441BD820}.Debug|Any CPU.ActiveCfg = Debug|Any CPU
		{749539C1-6B03-4241-9706-02DE441BD820}.Debug|Any CPU.Build.0 = Debug|Any CPU
		{749539C1-6B03-4241-9706-02DE441BD820}.Release|Any CPU.ActiveCfg = Release|Any CPU
		{749539C1-6B03-4241-9706-02DE441BD820}.Release|Any CPU.Build.0 = Release|Any CPU
	EndGlobalSection
	GlobalSection(SolutionProperties) = preSolution
		HideSolutionNode = FALSE
	EndGlobalSection
	GlobalSection(ExtensibilityGlobals) = postSolution
		SolutionGuid = {5D5E6B09-37D5-42CA-B324-645B545B203C}
	EndGlobalSection
EndGlobal
